<?xml version="1.0" encoding="utf-8"?>
<Project ToolsVersion="4.0" xmlns="http://schemas.microsoft.com/developer/msbuild/2003">
  <ItemGroup>
    <Filter Include="Source Files">
      <UniqueIdentifier>{6dae930c-1d72-49a8-8266-07b51943c820}</UniqueIdentifier>
      <Extensions>cpp;c;cxx;rc;def;r;odl;idl;hpj;bat</Extensions>
    </Filter>
    <Filter Include="Header Files">
      <UniqueIdentifier>{ebc90595-528b-45f6-9afc-db8284b57618}</UniqueIdentifier>
      <Extensions>h;hpp;hxx;hm;inl</Extensions>
    </Filter>
    <Filter Include="Resource Files">
      <UniqueIdentifier>{75c8ca70-dcde-4603-9470-902e3a0e7b27}</UniqueIdentifier>
      <Extensions>ico;cur;bmp;dlg;rc2;rct;bin;rgs;gif;jpg;jpeg;jpe</Extensions>
    </Filter>
  </ItemGroup>
  <ItemGroup>
    <ClCompile Include="Field.cpp">
      <Filter>Source Files</Filter>
    </ClCompile>
    <ClCompile Include="Game.cpp">
      <Filter>Source Files</Filter>
    </ClCompile>
    <ClCompile Include="MainFrm.cpp">
      <Filter>Source Files</Filter>
    </ClCompile>
    <ClCompile Include="Puyo.cpp">
      <Filter>Source Files</Filter>
    </ClCompile>
    <ClCompile Include="puyo1.cpp">
      <Filter>Source Files</Filter>
    </ClCompile>
    <ClCompile Include="puyo1Doc.cpp">
      <Filter>Source Files</Filter>
    </ClCompile>
    <ClCompile Include="puyo1View.cpp">
      <Filter>Source Files</Filter>
    </ClCompile>
    <ClCompile Include="PuyoMass.cpp">
      <Filter>Source Files</Filter>
    </ClCompile>
    <ClCompile Include="PuyoPuyo.cpp">
      <Filter>Source Files</Filter>
    </ClCompile>
    <ClCompile Include="StdAfx.cpp">
      <Filter>Source Files</Filter>
    </ClCompile>
  </ItemGroup>
  <ItemGroup>
    <ResourceCompile Include="puyo1.rc">
      <Filter>Source Files</Filter>
    </ResourceCompile>
  </ItemGroup>
  <ItemGroup>
    <ClInclude Include="Config.h">
      <Filter>Header Files</Filter>
    </ClInclude>
    <ClInclude Include="Field.h">
      <Filter>Header Files</Filter>
    </ClInclude>
    <ClInclude Include="Game.h">
      <Filter>Header Files</Filter>
    </ClInclude>
    <ClInclude Include="MainFrm.h">
      <Filter>Header Files</Filter>
    </ClInclude>
    <ClInclude Include="Puyo.h">
      <Filter>Header Files</Filter>
    </ClInclude>
    <ClInclude Include="puyo1.h">
      <Filter>Header Files</Filter>
    </ClInclude>
    <ClInclude Include="puyo1Doc.h">
      <Filter>Header Files</Filter>
    </ClInclude>
    <ClInclude Include="puyo1View.h">
      <Filter>Header Files</Filter>
    </ClInclude>
    <ClInclude Include="PuyoMass.h">
      <Filter>Header Files</Filter>
    </ClInclude>
    <ClInclude Include="PuyoPuyo.h">
      <Filter>Header Files</Filter>
    </ClInclude>
    <ClInclude Include="Resource.h">
      <Filter>Header Files</Filter>
    </ClInclude>
    <ClInclude Include="StdAfx.h">
      <Filter>Header Files</Filter>
    </ClInclude>
  </ItemGroup>
  <ItemGroup>
    <Image Include="res\puyo1.ico">
      <Filter>Resource Files</Filter>
    </Image>
    <Image Include="res\puyo1Doc.ico">
      <Filter>Resource Files</Filter>
    </Image>
  </ItemGroup>
  <ItemGroup>
    <None Include="res\puyo1.rc2">
      <Filter>Resource Files</Filter>
    </None>
    <None Include="ClassDiagram1.cd" />
  </ItemGroup>
</Project>